// !$*UTF8*$!
{
	archiveVersion = 1;
	classes = {
	};
	objectVersion = 50;
	objects = {

/* Begin PBXBuildFile section */
		7D65ED782505F4BA00DE969B /* hoge_ozakueki.gpx in Resources */ = {isa = PBXBuildFile; fileRef = 7D65ED772505F4BA00DE969B /* hoge_ozakueki.gpx */; };
		7D7598AC2503A3F00043A5B8 /* CoreLocation.framework in Frameworks */ = {isa = PBXBuildFile; fileRef = 7D7598AB2503A3F00043A5B8 /* CoreLocation.framework */; };
		7D7598AE2503A4110043A5B8 /* MapKit.framework in Frameworks */ = {isa = PBXBuildFile; fileRef = 7D7598AD2503A4110043A5B8 /* MapKit.framework */; };
		7DF9D6BF250327C0002329E0 /* AppDelegate.swift in Sources */ = {isa = PBXBuildFile; fileRef = 7DF9D6BE250327C0002329E0 /* AppDelegate.swift */; };
		7DF9D6C1250327C0002329E0 /* SceneDelegate.swift in Sources */ = {isa = PBXBuildFile; fileRef = 7DF9D6C0250327C0002329E0 /* SceneDelegate.swift */; };
		7DF9D6C3250327C0002329E0 /* ViewController.swift in Sources */ = {isa = PBXBuildFile; fileRef = 7DF9D6C2250327C0002329E0 /* ViewController.swift */; };
		7DF9D6C6250327C0002329E0 /* Main.storyboard in Resources */ = {isa = PBXBuildFile; fileRef = 7DF9D6C4250327C0002329E0 /* Main.storyboard */; };
		7DF9D6C8250327C3002329E0 /* Assets.xcassets in Resources */ = {isa = PBXBuildFile; fileRef = 7DF9D6C7250327C3002329E0 /* Assets.xcassets */; };
		7DF9D6CB250327C3002329E0 /* LaunchScreen.storyboard in Resources */ = {isa = PBXBuildFile; fileRef = 7DF9D6C9250327C3002329E0 /* LaunchScreen.storyboard */; };
/* End PBXBuildFile section */

/* Begin PBXFileReference section */
		7D65ED772505F4BA00DE969B /* hoge_ozakueki.gpx */ = {isa = PBXFileReference; fileEncoding = 4; lastKnownFileType = text.xml; path = hoge_ozakueki.gpx; sourceTree = "<group>"; };
		7D7598A925039F0E0043A5B8 /* hoge.gpx */ = {isa = PBXFileReference; lastKnownFileType = text.xml; path = hoge.gpx; sourceTree = "<group>"; };
		7D7598AB2503A3F00043A5B8 /* CoreLocation.framework */ = {isa = PBXFileReference; lastKnownFileType = wrapper.framework; name = CoreLocation.framework; path = System/Library/Frameworks/CoreLocation.framework; sourceTree = SDKROOT; };
		7D7598AD2503A4110043A5B8 /* MapKit.framework */ = {isa = PBXFileReference; lastKnownFileType = wrapper.framework; name = MapKit.framework; path = System/Library/Frameworks/MapKit.framework; sourceTree = SDKROOT; };
		7DF9D6BB250327C0002329E0 /* MySample.app */ = {isa = PBXFileReference; explicitFileType = wrapper.application; includeInIndex = 0; path = MySample.app; sourceTree = BUILT_PRODUCTS_DIR; };
		7DF9D6BE250327C0002329E0 /* AppDelegate.swift */ = {isa = PBXFileReference; lastKnownFileType = sourcecode.swift; path = AppDelegate.swift; sourceTree = "<group>"; };
		7DF9D6C0250327C0002329E0 /* SceneDelegate.swift */ = {isa = PBXFileReference; lastKnownFileType = sourcecode.swift; path = SceneDelegate.swift; sourceTree = "<group>"; };
		7DF9D6C2250327C0002329E0 /* ViewController.swift */ = {isa = PBXFileReference; lastKnownFileType = sourcecode.swift; path = ViewController.swift; sourceTree = "<group>"; };
		7DF9D6C5250327C0002329E0 /* Base */ = {isa = PBXFileReference; lastKnownFileType = file.storyboard; name = Base; path = Base.lproj/Main.storyboard; sourceTree = "<group>"; };
		7DF9D6C7250327C3002329E0 /* Assets.xcassets */ = {isa = PBXFileReference; lastKnownFileType = folder.assetcatalog; path = Assets.xcassets; sourceTree = "<group>"; };
		7DF9D6CA250327C3002329E0 /* Base */ = {isa = PBXFileReference; lastKnownFileType = file.storyboard; name = Base; path = Base.lproj/LaunchScreen.storyboard; sourceTree = "<group>"; };
		7DF9D6CC250327C3002329E0 /* Info.plist */ = {isa = PBXFileReference; lastKnownFileType = text.plist.xml; path = Info.plist; sourceTree = "<group>"; };
/* End PBXFileReference section */

/* Begin PBXFrameworksBuildPhase section */
		7DF9D6B8250327C0002329E0 /* Frameworks */ = {
			isa = PBXFrameworksBuildPhase;
			buildActionMask = 2147483647;
			files = (
				7D7598AE2503A4110043A5B8 /* MapKit.framework in Frameworks */,
				7D7598AC2503A3F00043A5B8 /* CoreLocation.framework in Frameworks */,
			);
			runOnlyForDeploymentPostprocessing = 0;
		};
/* End PBXFrameworksBuildPhase section */

/* Begin PBXGroup section */
		7D7598AA2503A3EF0043A5B8 /* Frameworks */ = {
			isa = PBXGroup;
			children = (
				7D7598AD2503A4110043A5B8 /* MapKit.framework */,
				7D7598AB2503A3F00043A5B8 /* CoreLocation.framework */,
			);
			name = Frameworks;
			sourceTree = "<group>";
		};
		7DF9D6B2250327C0002329E0 = {
			isa = PBXGroup;
			children = (
				7D7598A925039F0E0043A5B8 /* hoge.gpx */,
				7D65ED772505F4BA00DE969B /* hoge_ozakueki.gpx */,
				7DF9D6BD250327C0002329E0 /* MySample */,
				7DF9D6BC250327C0002329E0 /* Products */,
				7D7598AA2503A3EF0043A5B8 /* Frameworks */,
			);
			sourceTree = "<group>";
		};
		7DF9D6BC250327C0002329E0 /* Products */ = {
			isa = PBXGroup;
			children = (
				7DF9D6BB250327C0002329E0 /* MySample.app */,
			);
			name = Products;
			sourceTree = "<group>";
		};
		7DF9D6BD250327C0002329E0 /* MySample */ = {
			isa = PBXGroup;
			children = (
				7DF9D6BE250327C0002329E0 /* AppDelegate.swift */,
				7DF9D6C0250327C0002329E0 /* SceneDelegate.swift */,
				7DF9D6C2250327C0002329E0 /* ViewController.swift */,
				7DF9D6C4250327C0002329E0 /* Main.storyboard */,
				7DF9D6C7250327C3002329E0 /* Assets.xcassets */,
				7DF9D6C9250327C3002329E0 /* LaunchScreen.storyboard */,
				7DF9D6CC250327C3002329E0 /* Info.plist */,
			);
			path = MySample;
			sourceTree = "<group>";
		};
/* End PBXGroup section */

/* Begin PBXNativeTarget section */
		7DF9D6BA250327C0002329E0 /* MySample */ = {
			isa = PBXNativeTarget;
			buildConfigurationList = 7DF9D6CF250327C3002329E0 /* Build configuration list for PBXNativeTarget "MySample" */;
			buildPhases = (
				7DF9D6B7250327C0002329E0 /* Sources */,
				7DF9D6B8250327C0002329E0 /* Frameworks */,
				7DF9D6B9250327C0002329E0 /* Resources */,
			);
			buildRules = (
			);
			dependencies = (
			);
			name = MySample;
			productName = MySample;
			productReference = 7DF9D6BB250327C0002329E0 /* MySample.app */;
			productType = "com.apple.product-type.application";
		};
/* End PBXNativeTarget section */

/* Begin PBXProject section */
		7DF9D6B3250327C0002329E0 /* Project object */ = {
			isa = PBXProject;
			attributes = {
				LastSwiftUpdateCheck = 1160;
				LastUpgradeCheck = 1160;
				ORGANIZATIONNAME = minamikawa;
				TargetAttributes = {
					7DF9D6BA250327C0002329E0 = {
						CreatedOnToolsVersion = 11.6;
					};
				};
			};
			buildConfigurationList = 7DF9D6B6250327C0002329E0 /* Build configuration list for PBXProject "MySample" */;
			compatibilityVersion = "Xcode 9.3";
			developmentRegion = en;
			hasScannedForEncodings = 0;
			knownRegions = (
				en,
				Base,
			);
			mainGroup = 7DF9D6B2250327C0002329E0;
			productRefGroup = 7DF9D6BC250327C0002329E0 /* Products */;
			projectDirPath = "";
			projectRoot = "";
			targets = (
				7DF9D6BA250327C0002329E0 /* MySample */,
			);
		};
/* End PBXProject section */

/* Begin PBXResourcesBuildPhase section */
		7DF9D6B9250327C0002329E0 /* Resources */ = {
			isa = PBXResourcesBuildPhase;
			buildActionMask = 2147483647;
			files = (
				7DF9D6CB250327C3002329E0 /* LaunchScreen.storyboard in Resources */,
				7DF9D6C8250327C3002329E0 /* Assets.xcassets in Resources */,
				7DF9D6C6250327C0002329E0 /* Main.storyboard in Resources */,
				7D65ED782505F4BA00DE969B /* hoge_ozakueki.gpx in Resources */,
			);
			runOnlyForDeploymentPostprocessing = 0;
		};
/* End PBXResourcesBuildPhase section */

/* Begin PBXSourcesBuildPhase section */
		7DF9D6B7250327C0002329E0 /* Sources */ = {
			isa = PBXSourcesBuildPhase;
			buildActionMask = 2147483647;
			files = (
				7DF9D6C3250327C0002329E0 /* ViewController.swift in Sources */,
				7DF9D6BF250327C0002329E0 /* AppDelegate.swift in Sources */,
				7DF9D6C1250327C0002329E0 /* SceneDelegate.swift in Sources */,
			);
			runOnlyForDeploymentPostprocessing = 0;
		};
/* End PBXSourcesBuildPhase section */

/* Begin PBXVariantGroup section */
		7DF9D6C4250327C0002329E0 /* Main.storyboard */ = {
			isa = PBXVariantGroup;
			children = (
				7DF9D6C5250327C0002329E0 /* Base */,
			);
			name = Main.storyboard;
			sourceTree = "<group>";
		};
		7DF9D6C9250327C3002329E0 /* LaunchScreen.storyboard */ = {
			isa = PBXVariantGroup;
			children = (
				7DF9D6CA250327C3002329E0 /* Base */,
			);
			name = LaunchScreen.storyboard;
			sourceTree = "<group>";
		};
/* End PBXVariantGroup section */

/* Begin XCBuildConfiguration section */
		7DF9D6CD250327C3002329E0 /* Debug */ = {
			isa = XCBuildConfiguration;
			buildSettings = {
				ALWAYS_SEARCH_USER_PATHS = NO;
				CLANG_ANALYZER_NONNULL = YES;
				CLANG_ANALYZER_NUMBER_OBJECT_CONVERSION = YES_AGGRESSIVE;
				CLANG_CXX_LANGUAGE_STANDARD = "gnu++14";
				CLANG_CXX_LIBRARY = "libc++";
				CLANG_ENABLE_MODULES = YES;
				CLANG_ENABLE_OBJC_ARC = YES;
				CLANG_ENABLE_OBJC_WEAK = YES;
				CLANG_WARN_BLOCK_CAPTURE_AUTORELEASING = YES;
				CLANG_WARN_BOOL_CONVERSION = YES;
				CLANG_WARN_COMMA = YES;
				CLANG_WARN_CONSTANT_CONVERSION = YES;
				CLANG_WARN_DEPRECATED_OBJC_IMPLEMENTATIONS = YES;
				CLANG_WARN_DIRECT_OBJC_ISA_USAGE = YES_ERROR;
				CLANG_WARN_DOCUMENTATION_COMMENTS = YES;
				CLANG_WARN_EMPTY_BODY = YES;
				CLANG_WARN_ENUM_CONVERSION = YES;
				CLANG_WARN_INFINITE_RECURSION = YES;
				CLANG_WARN_INT_CONVERSION = YES;
				CLANG_WARN_NON_LITERAL_NULL_CONVERSION = YES;
				CLANG_WARN_OBJC_IMPLICIT_RETAIN_SELF = YES;
				CLANG_WARN_OBJC_LITERAL_CONVERSION = YES;
				CLANG_WARN_OBJC_ROOT_CLASS = YES_ERROR;
				CLANG_WARN_RANGE_LOOP_ANALYSIS = YES;
				CLANG_WARN_STRICT_PROTOTYPES = YES;
				CLANG_WARN_SUSPICIOUS_MOVE = YES;
				CLANG_WARN_UNGUARDED_AVAILABILITY = YES_AGGRESSIVE;
				CLANG_WARN_UNREACHABLE_CODE = YES;
				CLANG_WARN__DUPLICATE_METHOD_MATCH = YES;
				COPY_PHASE_STRIP = NO;
				DEBUG_INFORMATION_FORMAT = dwarf;
				ENABLE_STRICT_OBJC_MSGSEND = YES;
				ENABLE_TESTABILITY = YES;
				GCC_C_LANGUAGE_STANDARD = gnu11;
				GCC_DYNAMIC_NO_PIC = NO;
				GCC_NO_COMMON_BLOCKS = YES;
				GCC_OPTIMIZATION_LEVEL = 0;
				GCC_PREPROCESSOR_DEFINITIONS = (
					"DEBUG=1",
					"$(inherited)",
				);
				GCC_WARN_64_TO_32_BIT_CONVERSION = YES;
				GCC_WARN_ABOUT_RETURN_TYPE = YES_ERROR;
				GCC_WARN_UNDECLARED_SELECTOR = YES;
				GCC_WARN_UNINITIALIZED_AUTOS = YES_AGGRESSIVE;
				GCC_WARN_UNUSED_FUNCTION = YES;
				GCC_WARN_UNUSED_VARIABLE = YES;
				IPHONEOS_DEPLOYMENT_TARGET = 13.6;
				MTL_ENABLE_DEBUG_INFO = INCLUDE_SOURCE;
				MTL_FAST_MATH = YES;
				ONLY_ACTIVE_ARCH = YES;
				SDKROOT = iphoneos;
				SWIFT_ACTIVE_COMPILATION_CONDITIONS = DEBUG;
				SWIFT_OPTIMIZATION_LEVEL = "-Onone";
			};
			name = Debug;
		};
		7DF9D6CE250327C3002329E0 /* Release */ = {
			isa = XCBuildConfiguration;
			buildSettings = {
				ALWAYS_SEARCH_USER_PATHS = NO;
				CLANG_ANALYZER_NONNULL = YES;
				CLANG_ANALYZER_NUMBER_OBJECT_CONVERSION = YES_AGGRESSIVE;
				CLANG_CXX_LANGUAGE_STANDARD = "gnu++14";
				CLANG_CXX_LIBRARY = "libc++";
				CLANG_ENABLE_MODULES = YES;
				CLANG_ENABLE_OBJC_ARC = YES;
				CLANG_ENABLE_OBJC_WEAK = YES;
				CLANG_WARN_BLOCK_CAPTURE_AUTORELEASING = YES;
				CLANG_WARN_BOOL_CONVERSION = YES;
				CLANG_WARN_COMMA = YES;
				CLANG_WARN_CONSTANT_CONVERSION = YES;
				CLANG_WARN_DEPRECATED_OBJC_IMPLEMENTATIONS = YES;
				CLANG_WARN_DIRECT_OBJC_ISA_USAGE = YES_ERROR;
				CLANG_WARN_DOCUMENTATION_COMMENTS = YES;
				CLANG_WARN_EMPTY_BODY = YES;
				CLANG_WARN_ENUM_CONVERSION = YES;
				CLANG_WARN_INFINITE_RECURSION = YES;
				CLANG_WARN_INT_CONVERSION = YES;
				CLANG_WARN_NON_LITERAL_NULL_CONVERSION = YES;
				CLANG_WARN_OBJC_IMPLICIT_RETAIN_SELF = YES;
				CLANG_WARN_OBJC_LITERAL_CONVERSION = YES;
				CLANG_WARN_OBJC_ROOT_CLASS = YES_ERROR;
				CLANG_WARN_RANGE_LOOP_ANALYSIS = YES;
				CLANG_WARN_STRICT_PROTOTYPES = YES;
				CLANG_WARN_SUSPICIOUS_MOVE = YES;
				CLANG_WARN_UNGUARDED_AVAILABILITY = YES_AGGRESSIVE;
				CLANG_WARN_UNREACHABLE_CODE = YES;
				CLANG_WARN__DUPLICATE_METHOD_MATCH = YES;
				COPY_PHASE_STRIP = NO;
				DEBUG_INFORMATION_FORMAT = "dwarf-with-dsym";
				ENABLE_NS_ASSERTIONS = NO;
				ENABLE_STRICT_OBJC_MSGSEND = YES;
				GCC_C_LANGUAGE_STANDARD = gnu11;
				GCC_NO_COMMON_BLOCKS = YES;
				GCC_WARN_64_TO_32_BIT_CONVERSION = YES;
				GCC_WARN_ABOUT_RETURN_TYPE = YES_ERROR;
				GCC_WARN_UNDECLARED_SELECTOR = YES;
				GCC_WARN_UNINITIALIZED_AUTOS = YES_AGGRESSIVE;
				GCC_WARN_UNUSED_FUNCTION = YES;
				GCC_WARN_UNUSED_VARIABLE = YES;
				IPHONEOS_DEPLOYMENT_TARGET = 13.6;
				MTL_ENABLE_DEBUG_INFO = NO;
				MTL_FAST_MATH = YES;
				SDKROOT = iphoneos;
				SWIFT_COMPILATION_MODE = wholemodule;
				SWIFT_OPTIMIZATION_LEVEL = "-O";
				VALIDATE_PRODUCT = YES;
			};
			name = Release;
		};
		7DF9D6D0250327C3002329E0 /* Debug */ = {
			isa = XCBuildConfiguration;
			buildSettings = {
				ASSETCATALOG_COMPILER_APPICON_NAME = AppIcon;
				CODE_SIGN_STYLE = Automatic;
				DEVELOPMENT_TEAM = 555K7XU8BK;
				INFOPLIST_FILE = MySample/Info.plist;
				LD_RUNPATH_SEARCH_PATHS = (
					"$(inherited)",
					"@executable_path/Frameworks",
				);
				PRODUCT_BUNDLE_IDENTIFIER = jp.minamikawa.MySample;
				PRODUCT_NAME = "$(TARGET_NAME)";
				SWIFT_VERSION = 5.0;
				TARGETED_DEVICE_FAMILY = "1,2";
			};
			name = Debug;
		};
		7DF9D6D1250327C3002329E0 /* Release */ = {
			isa = XCBuildConfiguration;
			buildSettings = {
				ASSETCATALOG_COMPILER_APPICON_NAME = AppIcon;
				CODE_SIGN_STYLE = Automatic;
				DEVELOPMENT_TEAM = 555K7XU8BK;
				INFOPLIST_FILE = MySample/Info.plist;
				LD_RUNPATH_SEARCH_PATHS = (
					"$(inherited)",
					"@executable_path/Frameworks",
				);
				PRODUCT_BUNDLE_IDENTIFIER = jp.minamikawa.MySample;
				PRODUCT_NAME = "$(TARGET_NAME)";
				SWIFT_VERSION = 5.0;
				TARGETED_DEVICE_FAMILY = "1,2";
			};
			name = Release;
		};
/* End XCBuildConfiguration section */

/* Begin XCConfigurationList section */
		7DF9D6B6250327C0002329E0 /* Build configuration list for PBXProject "MySample" */ = {
			isa = XCConfigurationList;
			buildConfigurations = (
				7DF9D6CD250327C3002329E0 /* Debug */,
				7DF9D6CE250327C3002329E0 /* Release */,
			);
			defaultConfigurationIsVisible = 0;
			defaultConfigurationName = Release;
		};
		7DF9D6CF250327C3002329E0 /* Build configuration list for PBXNativeTarget "MySample" */ = {
			isa = XCConfigurationList;
			buildConfigurations = (
				7DF9D6D0250327C3002329E0 /* Debug */,
				7DF9D6D1250327C3002329E0 /* Release */,
			);
			defaultConfigurationIsVisible = 0;
			defaultConfigurationName = Release;
		};
/* End XCConfigurationList section */
	};
	rootObject = 7DF9D6B3250327C0002329E0 /* Project object */;
}
